
Microsoft Visual Studio Solution File, Format Version 12.00
# Visual Studio Version 17
VisualStudioVersion = 17.6.33829.357
MinimumVisualStudioVersion = 10.0.40219.1
Project("{FAE04EC0-301F-11D3-BF4B-00C04F79EFBC}") = "TextEditor", "TextEditor\TextEditor.csproj", "{AE7BC726-A453-4501-A966-966FB190B7B1}"
EndProject
Global
	GlobalSection(SolutionConfigurationPlatforms) = preSolution
		Debug|x86 = Debug|x86
		Release|x86 = Release|x86
	EndGlobalSection
	GlobalSection(ProjectConfigurationPlatforms) = postSolution
		{AE7BC726-A453-4501-A966-966FB190B7B1}.Debug|x86.ActiveCfg = Debug|x86
		{AE7BC726-A453-4501-A966-966FB190B7B1}.Debug|x86.Build.0 = Debug|x86
		{AE7BC726-A453-4501-A966-966FB190B7B1}.Release|x86.ActiveCfg = Release|x86
		{AE7BC726-A453-4501-A966-966FB190B7B1}.Release|x86.Build.0 = Release|x86
	EndGlobalSection
	GlobalSection(SolutionProperties) = preSolution
		HideSolutionNode = FALSE
	EndGlobalSection
	GlobalSection(ExtensibilityGlobals) = postSolution
		SolutionGuid = {290DA0EB-1202-4333-A442-8F38C2CC1B0D}
	EndGlobalSection
EndGlobal
